
Microsoft Visual Studio Solution File, Format Version 12.00
# Visual Studio Version 16
VisualStudioVersion = 16.0.34031.81
MinimumVisualStudioVersion = 10.0.40219.1
Project("{FAE04EC0-301F-11D3-BF4B-00C04F79EFBC}") = "MVVMtutorial", "MVVMtutorial\MVVMtutorial.csproj", "{AB95DE4C-7427-459F-8D87-751281D6C289}"
EndProject
Global
	GlobalSection(SolutionConfigurationPlatforms) = preSolution
		Debug|Any CPU = Debug|Any CPU
		Release|Any CPU = Release|Any CPU
	EndGlobalSection
	GlobalSection(ProjectConfigurationPlatforms) = postSolution
		{AB95DE4C-7427-459F-8D87-751281D6C289}.Debug|Any CPU.ActiveCfg = Debug|Any CPU
		{AB95DE4C-7427-459F-8D87-751281D6C289}.Debug|Any CPU.Build.0 = Debug|Any CPU
		{AB95DE4C-7427-459F-8D87-751281D6C289}.Release|Any CPU.ActiveCfg = Release|Any CPU
		{AB95DE4C-7427-459F-8D87-751281D6C289}.Release|Any CPU.Build.0 = Release|Any CPU
	EndGlobalSection
	GlobalSection(SolutionProperties) = preSolution
		HideSolutionNode = FALSE
	EndGlobalSection
	GlobalSection(ExtensibilityGlobals) = postSolution
		SolutionGuid = {779755C5-B5E6-4491-B9D2-7BBD33120B62}
	EndGlobalSection
EndGlobal
