
Microsoft Visual Studio Solution File, Format Version 12.00
# Visual Studio Version 16
VisualStudioVersion = 16.0.34031.81
MinimumVisualStudioVersion = 10.0.40219.1
Project("{FAE04EC0-301F-11D3-BF4B-00C04F79EFBC}") = "WpfAppPaintBoard", "WpfAppPaintBoard\WpfAppPaintBoard.csproj", "{3DE36BAE-EB79-4C68-B440-18A2FBC36F2E}"
EndProject
Global
	GlobalSection(SolutionConfigurationPlatforms) = preSolution
		Debug|Any CPU = Debug|Any CPU
		Release|Any CPU = Release|Any CPU
	EndGlobalSection
	GlobalSection(ProjectConfigurationPlatforms) = postSolution
		{3DE36BAE-EB79-4C68-B440-18A2FBC36F2E}.Debug|Any CPU.ActiveCfg = Debug|Any CPU
		{3DE36BAE-EB79-4C68-B440-18A2FBC36F2E}.Debug|Any CPU.Build.0 = Debug|Any CPU
		{3DE36BAE-EB79-4C68-B440-18A2FBC36F2E}.Release|Any CPU.ActiveCfg = Release|Any CPU
		{3DE36BAE-EB79-4C68-B440-18A2FBC36F2E}.Release|Any CPU.Build.0 = Release|Any CPU
	EndGlobalSection
	GlobalSection(SolutionProperties) = preSolution
		HideSolutionNode = FALSE
	EndGlobalSection
	GlobalSection(ExtensibilityGlobals) = postSolution
		SolutionGuid = {29A74747-3290-47A5-BFA4-E9E07E1877FB}
	EndGlobalSection
EndGlobal
